
Microsoft Visual Studio Solution File, Format Version 12.00
Project("{8BC9CEB8-8B4A-11D0-8D11-00A0C91BC942}") = "d3d9_crosshair", "d3d9_crosshair\d3d9_crosshair.vcxproj", "{6F963639-FF4D-490D-BE17-BDB1040E9100}"
	ProjectSection(ProjectDependencies) = postProject
		{25A6DA69-3415-4081-A72E-CF0481C25BDA} = {25A6DA69-3415-4081-A72E-CF0481C25BDA}
	EndProjectSection
EndProject
Project("{8BC9CEB8-8B4A-11D0-8D11-00A0C91BC942}") = "d3d9_crosshair_dll", "d3d9_crosshair_dll\d3d9_crosshair_dll.vcxproj", "{25A6DA69-3415-4081-A72E-CF0481C25BDA}"
EndProject
Global
	GlobalSection(SolutionConfigurationPlatforms) = preSolution
		Debug|Win32 = Debug|Win32
		Debug|x64 = Debug|x64
		Release|Win32 = Release|Win32
		Release|x64 = Release|x64
	EndGlobalSection
	GlobalSection(ProjectConfigurationPlatforms) = postSolution
		{6F963639-FF4D-490D-BE17-BDB1040E9100}.Debug|Win32.ActiveCfg = Debug|Win32
		{6F963639-FF4D-490D-BE17-BDB1040E9100}.Debug|Win32.Build.0 = Debug|Win32
		{6F963639-FF4D-490D-BE17-BDB1040E9100}.Debug|x64.ActiveCfg = Debug|x64
		{6F963639-FF4D-490D-BE17-BDB1040E9100}.Debug|x64.Build.0 = Debug|x64
		{6F963639-FF4D-490D-BE17-BDB1040E9100}.Release|Win32.ActiveCfg = Release|Win32
		{6F963639-FF4D-490D-BE17-BDB1040E9100}.Release|Win32.Build.0 = Release|Win32
		{6F963639-FF4D-490D-BE17-BDB1040E9100}.Release|x64.ActiveCfg = Release|x64
		{6F963639-FF4D-490D-BE17-BDB1040E9100}.Release|x64.Build.0 = Release|x64
		{25A6DA69-3415-4081-A72E-CF0481C25BDA}.Debug|Win32.ActiveCfg = Debug|Win32
		{25A6DA69-3415-4081-A72E-CF0481C25BDA}.Debug|Win32.Build.0 = Debug|Win32
		{25A6DA69-3415-4081-A72E-CF0481C25BDA}.Debug|x64.ActiveCfg = Debug|x64
		{25A6DA69-3415-4081-A72E-CF0481C25BDA}.Debug|x64.Build.0 = Debug|x64
		{25A6DA69-3415-4081-A72E-CF0481C25BDA}.Release|Win32.ActiveCfg = Release|Win32
		{25A6DA69-3415-4081-A72E-CF0481C25BDA}.Release|Win32.Build.0 = Release|Win32
		{25A6DA69-3415-4081-A72E-CF0481C25BDA}.Release|x64.ActiveCfg = Release|x64
		{25A6DA69-3415-4081-A72E-CF0481C25BDA}.Release|x64.Build.0 = Release|x64
	EndGlobalSection
EndGlobal
